
Microsoft Visual Studio Solution File, Format Version 12.00
# Visual Studio 15
VisualStudioVersion = 15.0.27130.2027
MinimumVisualStudioVersion = 10.0.40219.1
Project("{FAE04EC0-301F-11D3-BF4B-00C04F79EFBC}") = "JusTipe", "JusTipe\JusTipe.csproj", "{4334409D-D8AB-469A-8201-CE3CE7C41AD9}"
EndProject
Global
	GlobalSection(SolutionConfigurationPlatforms) = preSolution
		Debug|Any CPU = Debug|Any CPU
		Release|Any CPU = Release|Any CPU
	EndGlobalSection
	GlobalSection(ProjectConfigurationPlatforms) = postSolution
		{4334409D-D8AB-469A-8201-CE3CE7C41AD9}.Debug|Any CPU.ActiveCfg = Debug|Any CPU
		{4334409D-D8AB-469A-8201-CE3CE7C41AD9}.Debug|Any CPU.Build.0 = Debug|Any CPU
		{4334409D-D8AB-469A-8201-CE3CE7C41AD9}.Release|Any CPU.ActiveCfg = Release|Any CPU
		{4334409D-D8AB-469A-8201-CE3CE7C41AD9}.Release|Any CPU.Build.0 = Release|Any CPU
	EndGlobalSection
	GlobalSection(SolutionProperties) = preSolution
		HideSolutionNode = FALSE
	EndGlobalSection
	GlobalSection(ExtensibilityGlobals) = postSolution
		SolutionGuid = {18FD82B9-D3DA-48F0-947C-2B8C6CC4C4B6}
	EndGlobalSection
EndGlobal
